
Microsoft Visual Studio Solution File, Format Version 12.00
# Visual Studio Version 16
VisualStudioVersion = 16.0.32510.428
MinimumVisualStudioVersion = 10.0.40219.1
Project("{FAE04EC0-301F-11D3-BF4B-00C04F79EFBC}") = "ABC Bank - PRG 251_Project", "ABC Bank - PRG 251_Project.csproj", "{9B48C716-08D8-4DB9-A4FF-90E125C50C73}"
EndProject
Global
	GlobalSection(SolutionConfigurationPlatforms) = preSolution
		Debug|Any CPU = Debug|Any CPU
		Release|Any CPU = Release|Any CPU
	EndGlobalSection
	GlobalSection(ProjectConfigurationPlatforms) = postSolution
		{9B48C716-08D8-4DB9-A4FF-90E125C50C73}.Debug|Any CPU.ActiveCfg = Debug|Any CPU
		{9B48C716-08D8-4DB9-A4FF-90E125C50C73}.Debug|Any CPU.Build.0 = Debug|Any CPU
		{9B48C716-08D8-4DB9-A4FF-90E125C50C73}.Release|Any CPU.ActiveCfg = Release|Any CPU
		{9B48C716-08D8-4DB9-A4FF-90E125C50C73}.Release|Any CPU.Build.0 = Release|Any CPU
	EndGlobalSection
	GlobalSection(SolutionProperties) = preSolution
		HideSolutionNode = FALSE
	EndGlobalSection
	GlobalSection(ExtensibilityGlobals) = postSolution
		SolutionGuid = {E16268C6-6832-4BCC-AA9E-A7A48937FE95}
	EndGlobalSection
EndGlobal
